[[requirements]]
name = "aiken-lang/stdlib"
version = "1.9.0"
source = "github"

[[requirements]]
name = "orcfax/orcfax-aiken"
version = "main"
source = "github"

[[packages]]
name = "aiken-lang/stdlib"
version = "1.9.0"
requirements = []
source = "github"

[[packages]]
name = "orcfax/orcfax-aiken"
version = "main"
requirements = []
source = "github"

[etags]
"orcfax/orcfax-aiken@main" = [{ secs_since_epoch = 1770890052, nanos_since_epoch = 86952896 }, "aed74b97fa91daa1c64d54d68f4da89b90ea6d61558c17f36c32f5080d1ade1d"]
